// !$*UTF8*$!
{
	archiveVersion = 1;
	classes = {
	};
	objectVersion = 56;
	objects = {

/* Begin PBXBuildFile section */
		01099FE62BC7F48100345D2F /* AppDelegate.swift in Sources */ = {isa = PBXBuildFile; fileRef = 01099FE52BC7F48100345D2F /* AppDelegate.swift */; };
		01099FE82BC7F48100345D2F /* SceneDelegate.swift in Sources */ = {isa = PBXBuildFile; fileRef = 01099FE72BC7F48100345D2F /* SceneDelegate.swift */; };
		01099FEA2BC7F48100345D2F /* ViewController.swift in Sources */ = {isa = PBXBuildFile; fileRef = 01099FE92BC7F48100345D2F /* ViewController.swift */; };
		01099FEF2BC7F48300345D2F /* Assets.xcassets in Resources */ = {isa = PBXBuildFile; fileRef = 01099FEE2BC7F48300345D2F /* Assets.xcassets */; };
		01099FF22BC7F48300345D2F /* Base in Resources */ = {isa = PBXBuildFile; fileRef = 01099FF12BC7F48300345D2F /* Base */; };
		01099FFE2BC7F55000345D2F /* NetworkManager.swift in Sources */ = {isa = PBXBuildFile; fileRef = 01099FFD2BC7F55000345D2F /* NetworkManager.swift */; };
		01CB12C22BC92D6800549799 /* ExtensionViewController.swift in Sources */ = {isa = PBXBuildFile; fileRef = 01CB12C12BC92D6800549799 /* ExtensionViewController.swift */; };
		01CB12C62BC935F600549799 /* CoinsCell.swift in Sources */ = {isa = PBXBuildFile; fileRef = 01CB12C52BC935F600549799 /* CoinsCell.swift */; };
		01EBB5032BC7FD81004ED652 /* Alamofire in Frameworks */ = {isa = PBXBuildFile; productRef = 01EBB5022BC7FD81004ED652 /* Alamofire */; };
		01EBB5082BC805D1004ED652 /* ExhangeRates.swift in Sources */ = {isa = PBXBuildFile; fileRef = 01EBB5072BC805D1004ED652 /* ExhangeRates.swift */; };
/* End PBXBuildFile section */

/* Begin PBXFileReference section */
		01099FE22BC7F48100345D2F /* API-Work.app */ = {isa = PBXFileReference; explicitFileType = wrapper.application; includeInIndex = 0; path = "API-Work.app"; sourceTree = BUILT_PRODUCTS_DIR; };
		01099FE52BC7F48100345D2F /* AppDelegate.swift */ = {isa = PBXFileReference; lastKnownFileType = sourcecode.swift; path = AppDelegate.swift; sourceTree = "<group>"; };
		01099FE72BC7F48100345D2F /* SceneDelegate.swift */ = {isa = PBXFileReference; lastKnownFileType = sourcecode.swift; path = SceneDelegate.swift; sourceTree = "<group>"; };
		01099FE92BC7F48100345D2F /* ViewController.swift */ = {isa = PBXFileReference; lastKnownFileType = sourcecode.swift; path = ViewController.swift; sourceTree = "<group>"; };
		01099FEE2BC7F48300345D2F /* Assets.xcassets */ = {isa = PBXFileReference; lastKnownFileType = folder.assetcatalog; path = Assets.xcassets; sourceTree = "<group>"; };
		01099FF12BC7F48300345D2F /* Base */ = {isa = PBXFileReference; lastKnownFileType = file.storyboard; name = Base; path = Base.lproj/LaunchScreen.storyboard; sourceTree = "<group>"; };
		01099FF32BC7F48300345D2F /* Info.plist */ = {isa = PBXFileReference; lastKnownFileType = text.plist.xml; path = Info.plist; sourceTree = "<group>"; };
		01099FFD2BC7F55000345D2F /* NetworkManager.swift */ = {isa = PBXFileReference; lastKnownFileType = sourcecode.swift; path = NetworkManager.swift; sourceTree = "<group>"; };
		01CB12C12BC92D6800549799 /* ExtensionViewController.swift */ = {isa = PBXFileReference; lastKnownFileType = sourcecode.swift; path = ExtensionViewController.swift; sourceTree = "<group>"; };
		01CB12C52BC935F600549799 /* CoinsCell.swift */ = {isa = PBXFileReference; lastKnownFileType = sourcecode.swift; path = CoinsCell.swift; sourceTree = "<group>"; };
		01EBB5072BC805D1004ED652 /* ExhangeRates.swift */ = {isa = PBXFileReference; lastKnownFileType = sourcecode.swift; path = ExhangeRates.swift; sourceTree = "<group>"; };
/* End PBXFileReference section */

/* Begin PBXFrameworksBuildPhase section */
		01099FDF2BC7F48100345D2F /* Frameworks */ = {
			isa = PBXFrameworksBuildPhase;
			buildActionMask = 2147483647;
			files = (
				01EBB5032BC7FD81004ED652 /* Alamofire in Frameworks */,
			);
			runOnlyForDeploymentPostprocessing = 0;
		};
/* End PBXFrameworksBuildPhase section */

/* Begin PBXGroup section */
		01099FD92BC7F48100345D2F = {
			isa = PBXGroup;
			children = (
				01099FE42BC7F48100345D2F /* API-Work */,
				01099FE32BC7F48100345D2F /* Products */,
			);
			sourceTree = "<group>";
		};
		01099FE32BC7F48100345D2F /* Products */ = {
			isa = PBXGroup;
			children = (
				01099FE22BC7F48100345D2F /* API-Work.app */,
			);
			name = Products;
			sourceTree = "<group>";
		};
		01099FE42BC7F48100345D2F /* API-Work */ = {
			isa = PBXGroup;
			children = (
				01099FF92BC7F4D000345D2F /* Application */,
				01CB12C02BC92D4A00549799 /* Extension */,
				01099FFC2BC7F52500345D2F /* Managers */,
				01EBB5062BC80550004ED652 /* Models */,
				01099FFA2BC7F4DF00345D2F /* Sources */,
				01099FFB2BC7F4F700345D2F /* Views */,
			);
			path = "API-Work";
			sourceTree = "<group>";
		};
		01099FF92BC7F4D000345D2F /* Application */ = {
			isa = PBXGroup;
			children = (
				01099FE52BC7F48100345D2F /* AppDelegate.swift */,
				01099FE72BC7F48100345D2F /* SceneDelegate.swift */,
			);
			path = Application;
			sourceTree = "<group>";
		};
		01099FFA2BC7F4DF00345D2F /* Sources */ = {
			isa = PBXGroup;
			children = (
				01099FEE2BC7F48300345D2F /* Assets.xcassets */,
				01099FF02BC7F48300345D2F /* LaunchScreen.storyboard */,
				01099FF32BC7F48300345D2F /* Info.plist */,
			);
			path = Sources;
			sourceTree = "<group>";
		};
		01099FFB2BC7F4F700345D2F /* Views */ = {
			isa = PBXGroup;
			children = (
				01CB12C42BC935A400549799 /* ViewControllers */,
				01CB12C32BC9359100549799 /* Cells */,
			);
			path = Views;
			sourceTree = "<group>";
		};
		01099FFC2BC7F52500345D2F /* Managers */ = {
			isa = PBXGroup;
			children = (
				01099FFD2BC7F55000345D2F /* NetworkManager.swift */,
			);
			path = Managers;
			sourceTree = "<group>";
		};
		01CB12C02BC92D4A00549799 /* Extension */ = {
			isa = PBXGroup;
			children = (
				01CB12C12BC92D6800549799 /* ExtensionViewController.swift */,
			);
			path = Extension;
			sourceTree = "<group>";
		};
		01CB12C32BC9359100549799 /* Cells */ = {
			isa = PBXGroup;
			children = (
				01CB12C52BC935F600549799 /* CoinsCell.swift */,
			);
			path = Cells;
			sourceTree = "<group>";
		};
		01CB12C42BC935A400549799 /* ViewControllers */ = {
			isa = PBXGroup;
			children = (
				01099FE92BC7F48100345D2F /* ViewController.swift */,
			);
			path = ViewControllers;
			sourceTree = "<group>";
		};
		01EBB5062BC80550004ED652 /* Models */ = {
			isa = PBXGroup;
			children = (
				01EBB5072BC805D1004ED652 /* ExhangeRates.swift */,
			);
			path = Models;
			sourceTree = "<group>";
		};
/* End PBXGroup section */

/* Begin PBXNativeTarget section */
		01099FE12BC7F48100345D2F /* API-Work */ = {
			isa = PBXNativeTarget;
			buildConfigurationList = 01099FF62BC7F48300345D2F /* Build configuration list for PBXNativeTarget "API-Work" */;
			buildPhases = (
				01099FDE2BC7F48100345D2F /* Sources */,
				01099FDF2BC7F48100345D2F /* Frameworks */,
				01099FE02BC7F48100345D2F /* Resources */,
			);
			buildRules = (
			);
			dependencies = (
			);
			name = "API-Work";
			packageProductDependencies = (
				01EBB5022BC7FD81004ED652 /* Alamofire */,
			);
			productName = "API-Work";
			productReference = 01099FE22BC7F48100345D2F /* API-Work.app */;
			productType = "com.apple.product-type.application";
		};
/* End PBXNativeTarget section */

/* Begin PBXProject section */
		01099FDA2BC7F48100345D2F /* Project object */ = {
			isa = PBXProject;
			attributes = {
				BuildIndependentTargetsInParallel = 1;
				LastSwiftUpdateCheck = 1530;
				LastUpgradeCheck = 1530;
				TargetAttributes = {
					01099FE12BC7F48100345D2F = {
						CreatedOnToolsVersion = 15.3;
					};
				};
			};
			buildConfigurationList = 01099FDD2BC7F48100345D2F /* Build configuration list for PBXProject "API-Work" */;
			compatibilityVersion = "Xcode 14.0";
			developmentRegion = en;
			hasScannedForEncodings = 0;
			knownRegions = (
				en,
				Base,
			);
			mainGroup = 01099FD92BC7F48100345D2F;
			packageReferences = (
				01EBB5012BC7FD81004ED652 /* XCRemoteSwiftPackageReference "Alamofire" */,
				01CB12BA2BC8FF1200549799 /* XCRemoteSwiftPackageReference "SwiftyJSON" */,
			);
			productRefGroup = 01099FE32BC7F48100345D2F /* Products */;
			projectDirPath = "";
			projectRoot = "";
			targets = (
				01099FE12BC7F48100345D2F /* API-Work */,
			);
		};
/* End PBXProject section */

/* Begin PBXResourcesBuildPhase section */
		01099FE02BC7F48100345D2F /* Resources */ = {
			isa = PBXResourcesBuildPhase;
			buildActionMask = 2147483647;
			files = (
				01099FEF2BC7F48300345D2F /* Assets.xcassets in Resources */,
				01099FF22BC7F48300345D2F /* Base in Resources */,
			);
			runOnlyForDeploymentPostprocessing = 0;
		};
/* End PBXResourcesBuildPhase section */

/* Begin PBXSourcesBuildPhase section */
		01099FDE2BC7F48100345D2F /* Sources */ = {
			isa = PBXSourcesBuildPhase;
			buildActionMask = 2147483647;
			files = (
				01099FFE2BC7F55000345D2F /* NetworkManager.swift in Sources */,
				01099FEA2BC7F48100345D2F /* ViewController.swift in Sources */,
				01CB12C22BC92D6800549799 /* ExtensionViewController.swift in Sources */,
				01CB12C62BC935F600549799 /* CoinsCell.swift in Sources */,
				01099FE62BC7F48100345D2F /* AppDelegate.swift in Sources */,
				01099FE82BC7F48100345D2F /* SceneDelegate.swift in Sources */,
				01EBB5082BC805D1004ED652 /* ExhangeRates.swift in Sources */,
			);
			runOnlyForDeploymentPostprocessing = 0;
		};
/* End PBXSourcesBuildPhase section */

/* Begin PBXVariantGroup section */
		01099FF02BC7F48300345D2F /* LaunchScreen.storyboard */ = {
			isa = PBXVariantGroup;
			children = (
				01099FF12BC7F48300345D2F /* Base */,
			);
			name = LaunchScreen.storyboard;
			sourceTree = "<group>";
		};
/* End PBXVariantGroup section */

/* Begin XCBuildConfiguration section */
		01099FF42BC7F48300345D2F /* Debug */ = {
			isa = XCBuildConfiguration;
			buildSettings = {
				ALWAYS_SEARCH_USER_PATHS = NO;
				ASSETCATALOG_COMPILER_GENERATE_SWIFT_ASSET_SYMBOL_EXTENSIONS = YES;
				CLANG_ANALYZER_NONNULL = YES;
				CLANG_ANALYZER_NUMBER_OBJECT_CONVERSION = YES_AGGRESSIVE;
				CLANG_CXX_LANGUAGE_STANDARD = "gnu++20";
				CLANG_ENABLE_MODULES = YES;
				CLANG_ENABLE_OBJC_ARC = YES;
				CLANG_ENABLE_OBJC_WEAK = YES;
				CLANG_WARN_BLOCK_CAPTURE_AUTORELEASING = YES;
				CLANG_WARN_BOOL_CONVERSION = YES;
				CLANG_WARN_COMMA = YES;
				CLANG_WARN_CONSTANT_CONVERSION = YES;
				CLANG_WARN_DEPRECATED_OBJC_IMPLEMENTATIONS = YES;
				CLANG_WARN_DIRECT_OBJC_ISA_USAGE = YES_ERROR;
				CLANG_WARN_DOCUMENTATION_COMMENTS = YES;
				CLANG_WARN_EMPTY_BODY = YES;
				CLANG_WARN_ENUM_CONVERSION = YES;
				CLANG_WARN_INFINITE_RECURSION = YES;
				CLANG_WARN_INT_CONVERSION = YES;
				CLANG_WARN_NON_LITERAL_NULL_CONVERSION = YES;
				CLANG_WARN_OBJC_IMPLICIT_RETAIN_SELF = YES;
				CLANG_WARN_OBJC_LITERAL_CONVERSION = YES;
				CLANG_WARN_OBJC_ROOT_CLASS = YES_ERROR;
				CLANG_WARN_QUOTED_INCLUDE_IN_FRAMEWORK_HEADER = YES;
				CLANG_WARN_RANGE_LOOP_ANALYSIS = YES;
				CLANG_WARN_STRICT_PROTOTYPES = YES;
				CLANG_WARN_SUSPICIOUS_MOVE = YES;
				CLANG_WARN_UNGUARDED_AVAILABILITY = YES_AGGRESSIVE;
				CLANG_WARN_UNREACHABLE_CODE = YES;
				CLANG_WARN__DUPLICATE_METHOD_MATCH = YES;
				COPY_PHASE_STRIP = NO;
				DEBUG_INFORMATION_FORMAT = dwarf;
				ENABLE_STRICT_OBJC_MSGSEND = YES;
				ENABLE_TESTABILITY = YES;
				ENABLE_USER_SCRIPT_SANDBOXING = YES;
				GCC_C_LANGUAGE_STANDARD = gnu17;
				GCC_DYNAMIC_NO_PIC = NO;
				GCC_NO_COMMON_BLOCKS = YES;
				GCC_OPTIMIZATION_LEVEL = 0;
				GCC_PREPROCESSOR_DEFINITIONS = (
					"DEBUG=1",
					"$(inherited)",
				);
				GCC_WARN_64_TO_32_BIT_CONVERSION = YES;
				GCC_WARN_ABOUT_RETURN_TYPE = YES_ERROR;
				GCC_WARN_UNDECLARED_SELECTOR = YES;
				GCC_WARN_UNINITIALIZED_AUTOS = YES_AGGRESSIVE;
				GCC_WARN_UNUSED_FUNCTION = YES;
				GCC_WARN_UNUSED_VARIABLE = YES;
				IPHONEOS_DEPLOYMENT_TARGET = 17.4;
				LOCALIZATION_PREFERS_STRING_CATALOGS = YES;
				MTL_ENABLE_DEBUG_INFO = INCLUDE_SOURCE;
				MTL_FAST_MATH = YES;
				ONLY_ACTIVE_ARCH = YES;
				SDKROOT = iphoneos;
				SWIFT_ACTIVE_COMPILATION_CONDITIONS = "DEBUG $(inherited)";
				SWIFT_OPTIMIZATION_LEVEL = "-Onone";
			};
			name = Debug;
		};
		01099FF52BC7F48300345D2F /* Release */ = {
			isa = XCBuildConfiguration;
			buildSettings = {
				ALWAYS_SEARCH_USER_PATHS = NO;
				ASSETCATALOG_COMPILER_GENERATE_SWIFT_ASSET_SYMBOL_EXTENSIONS = YES;
				CLANG_ANALYZER_NONNULL = YES;
				CLANG_ANALYZER_NUMBER_OBJECT_CONVERSION = YES_AGGRESSIVE;
				CLANG_CXX_LANGUAGE_STANDARD = "gnu++20";
				CLANG_ENABLE_MODULES = YES;
				CLANG_ENABLE_OBJC_ARC = YES;
				CLANG_ENABLE_OBJC_WEAK = YES;
				CLANG_WARN_BLOCK_CAPTURE_AUTORELEASING = YES;
				CLANG_WARN_BOOL_CONVERSION = YES;
				CLANG_WARN_COMMA = YES;
				CLANG_WARN_CONSTANT_CONVERSION = YES;
				CLANG_WARN_DEPRECATED_OBJC_IMPLEMENTATIONS = YES;
				CLANG_WARN_DIRECT_OBJC_ISA_USAGE = YES_ERROR;
				CLANG_WARN_DOCUMENTATION_COMMENTS = YES;
				CLANG_WARN_EMPTY_BODY = YES;
				CLANG_WARN_ENUM_CONVERSION = YES;
				CLANG_WARN_INFINITE_RECURSION = YES;
				CLANG_WARN_INT_CONVERSION = YES;
				CLANG_WARN_NON_LITERAL_NULL_CONVERSION = YES;
				CLANG_WARN_OBJC_IMPLICIT_RETAIN_SELF = YES;
				CLANG_WARN_OBJC_LITERAL_CONVERSION = YES;
				CLANG_WARN_OBJC_ROOT_CLASS = YES_ERROR;
				CLANG_WARN_QUOTED_INCLUDE_IN_FRAMEWORK_HEADER = YES;
				CLANG_WARN_RANGE_LOOP_ANALYSIS = YES;
				CLANG_WARN_STRICT_PROTOTYPES = YES;
				CLANG_WARN_SUSPICIOUS_MOVE = YES;
				CLANG_WARN_UNGUARDED_AVAILABILITY = YES_AGGRESSIVE;
				CLANG_WARN_UNREACHABLE_CODE = YES;
				CLANG_WARN__DUPLICATE_METHOD_MATCH = YES;
				COPY_PHASE_STRIP = NO;
				DEBUG_INFORMATION_FORMAT = "dwarf-with-dsym";
				ENABLE_NS_ASSERTIONS = NO;
				ENABLE_STRICT_OBJC_MSGSEND = YES;
				ENABLE_USER_SCRIPT_SANDBOXING = YES;
				GCC_C_LANGUAGE_STANDARD = gnu17;
				GCC_NO_COMMON_BLOCKS = YES;
				GCC_WARN_64_TO_32_BIT_CONVERSION = YES;
				GCC_WARN_ABOUT_RETURN_TYPE = YES_ERROR;
				GCC_WARN_UNDECLARED_SELECTOR = YES;
				GCC_WARN_UNINITIALIZED_AUTOS = YES_AGGRESSIVE;
				GCC_WARN_UNUSED_FUNCTION = YES;
				GCC_WARN_UNUSED_VARIABLE = YES;
				IPHONEOS_DEPLOYMENT_TARGET = 17.4;
				LOCALIZATION_PREFERS_STRING_CATALOGS = YES;
				MTL_ENABLE_DEBUG_INFO = NO;
				MTL_FAST_MATH = YES;
				SDKROOT = iphoneos;
				SWIFT_COMPILATION_MODE = wholemodule;
				VALIDATE_PRODUCT = YES;
			};
			name = Release;
		};
		01099FF72BC7F48300345D2F /* Debug */ = {
			isa = XCBuildConfiguration;
			buildSettings = {
				ASSETCATALOG_COMPILER_APPICON_NAME = AppIcon;
				ASSETCATALOG_COMPILER_GLOBAL_ACCENT_COLOR_NAME = AccentColor;
				CODE_SIGN_STYLE = Automatic;
				CURRENT_PROJECT_VERSION = 1;
				DEVELOPMENT_TEAM = Y34PWYMPM8;
				GENERATE_INFOPLIST_FILE = YES;
				INFOPLIST_FILE = "API-Work/Sources/Info.plist";
				INFOPLIST_KEY_UIApplicationSupportsIndirectInputEvents = YES;
				INFOPLIST_KEY_UILaunchStoryboardName = LaunchScreen;
				INFOPLIST_KEY_UISupportedInterfaceOrientations_iPad = "UIInterfaceOrientationPortrait UIInterfaceOrientationPortraitUpsideDown UIInterfaceOrientationLandscapeLeft UIInterfaceOrientationLandscapeRight";
				INFOPLIST_KEY_UISupportedInterfaceOrientations_iPhone = "UIInterfaceOrientationPortrait UIInterfaceOrientationLandscapeLeft UIInterfaceOrientationLandscapeRight";
				LD_RUNPATH_SEARCH_PATHS = (
					"$(inherited)",
					"@executable_path/Frameworks",
				);
				MARKETING_VERSION = 1.0;
				PRODUCT_BUNDLE_IDENTIFIER = "Folyak.API-Work";
				PRODUCT_NAME = "$(TARGET_NAME)";
				SWIFT_EMIT_LOC_STRINGS = YES;
				SWIFT_VERSION = 5.0;
				TARGETED_DEVICE_FAMILY = "1,2";
			};
			name = Debug;
		};
		01099FF82BC7F48300345D2F /* Release */ = {
			isa = XCBuildConfiguration;
			buildSettings = {
				ASSETCATALOG_COMPILER_APPICON_NAME = AppIcon;
				ASSETCATALOG_COMPILER_GLOBAL_ACCENT_COLOR_NAME = AccentColor;
				CODE_SIGN_STYLE = Automatic;
				CURRENT_PROJECT_VERSION = 1;
				DEVELOPMENT_TEAM = Y34PWYMPM8;
				GENERATE_INFOPLIST_FILE = YES;
				INFOPLIST_FILE = "API-Work/Sources/Info.plist";
				INFOPLIST_KEY_UIApplicationSupportsIndirectInputEvents = YES;
				INFOPLIST_KEY_UILaunchStoryboardName = LaunchScreen;
				INFOPLIST_KEY_UISupportedInterfaceOrientations_iPad = "UIInterfaceOrientationPortrait UIInterfaceOrientationPortraitUpsideDown UIInterfaceOrientationLandscapeLeft UIInterfaceOrientationLandscapeRight";
				INFOPLIST_KEY_UISupportedInterfaceOrientations_iPhone = "UIInterfaceOrientationPortrait UIInterfaceOrientationLandscapeLeft UIInterfaceOrientationLandscapeRight";
				LD_RUNPATH_SEARCH_PATHS = (
					"$(inherited)",
					"@executable_path/Frameworks",
				);
				MARKETING_VERSION = 1.0;
				PRODUCT_BUNDLE_IDENTIFIER = "Folyak.API-Work";
				PRODUCT_NAME = "$(TARGET_NAME)";
				SWIFT_EMIT_LOC_STRINGS = YES;
				SWIFT_VERSION = 5.0;
				TARGETED_DEVICE_FAMILY = "1,2";
			};
			name = Release;
		};
/* End XCBuildConfiguration section */

/* Begin XCConfigurationList section */
		01099FDD2BC7F48100345D2F /* Build configuration list for PBXProject "API-Work" */ = {
			isa = XCConfigurationList;
			buildConfigurations = (
				01099FF42BC7F48300345D2F /* Debug */,
				01099FF52BC7F48300345D2F /* Release */,
			);
			defaultConfigurationIsVisible = 0;
			defaultConfigurationName = Release;
		};
		01099FF62BC7F48300345D2F /* Build configuration list for PBXNativeTarget "API-Work" */ = {
			isa = XCConfigurationList;
			buildConfigurations = (
				01099FF72BC7F48300345D2F /* Debug */,
				01099FF82BC7F48300345D2F /* Release */,
			);
			defaultConfigurationIsVisible = 0;
			defaultConfigurationName = Release;
		};
/* End XCConfigurationList section */

/* Begin XCRemoteSwiftPackageReference section */
		01CB12BA2BC8FF1200549799 /* XCRemoteSwiftPackageReference "SwiftyJSON" */ = {
			isa = XCRemoteSwiftPackageReference;
			repositoryURL = "https://github.com/SwiftyJSON/SwiftyJSON";
			requirement = {
				kind = upToNextMajorVersion;
				minimumVersion = 5.0.2;
			};
		};
		01EBB5012BC7FD81004ED652 /* XCRemoteSwiftPackageReference "Alamofire" */ = {
			isa = XCRemoteSwiftPackageReference;
			repositoryURL = "https://github.com/Alamofire/Alamofire.git";
			requirement = {
				kind = upToNextMajorVersion;
				minimumVersion = 5.9.1;
			};
		};
/* End XCRemoteSwiftPackageReference section */

/* Begin XCSwiftPackageProductDependency section */
		01EBB5022BC7FD81004ED652 /* Alamofire */ = {
			isa = XCSwiftPackageProductDependency;
			package = 01EBB5012BC7FD81004ED652 /* XCRemoteSwiftPackageReference "Alamofire" */;
			productName = Alamofire;
		};
/* End XCSwiftPackageProductDependency section */
	};
	rootObject = 01099FDA2BC7F48100345D2F /* Project object */;
}
